<?xml version="1.0"?>
<plist version="1.0">
	<dict>
		<key>archiveVersion</key>
		<string>1</string>
		<key>classes</key>
		<dict />
		<key>objectVersion</key>
		<string>46</string>
		<key>objects</key>
		<dict>
			<key>0A1DAC09F322AE313A40706D</key>
			<dict>
				<key>explicitFileType</key>
				<string>sourcecode.c.h</string>
				<key>fileEncoding</key>
				<string>4</string>
				<key>isa</key>
				<string>PBXFileReference</string>
				<key>name</key>
				<string>ofxToggle.h</string>
				<key>path</key>
				<string>../../../addons/ofxGui/src/ofxToggle.h</string>
				<key>sourceTree</key>
				<string>SOURCE_ROOT</string>
			</dict>
			<key>1CD33E884D9E3358252E82A1</key>
			<dict>
				<key>fileRef</key>
				<string>907C5B5E104864A2D3A25745</string>
				<key>isa</key>
				<string>PBXBuildFile</string>
			</dict>
			<key>907C5B5E104864A2D3A25745</key>
			<dict>
				<key>explicitFileType</key>
				<string>sourcecode.cpp.cpp</string>
				<key>fileEncoding</key>
				<string>4</string>
				<key>isa</key>
				<string>PBXFileReference</string>
				<key>name</key>
				<string>ofxToggle.cpp</string>
				<key>path</key>
				<string>../../../addons/ofxGui/src/ofxToggle.cpp</string>
				<key>sourceTree</key>
				<string>SOURCE_ROOT</string>
			</dict>
			<key>C70D8946940288799E82131E</key>
			<dict>
				<key>explicitFileType</key>
				<string>sourcecode.c.h</string>
				<key>fileEncoding</key>
				<string>4</string>
				<key>isa</key>
				<string>PBXFileReference</string>
				<key>name</key>
				<string>ofxSliderGroup.h</string>
				<key>path</key>
				<string>../../../addons/ofxGui/src/ofxSliderGroup.h</string>
				<key>sourceTree</key>
				<string>SOURCE_ROOT</string>
			</dict>
			<key>B56FE57CC35806596D38118C</key>
			<dict>
				<key>fileRef</key>
				<string>802251BAF1B35B1D67B32FD0</string>
				<key>isa</key>
				<string>PBXBuildFile</string>
			</dict>
			<key>802251BAF1B35B1D67B32FD0</key>
			<dict>
				<key>explicitFileType</key>
				<string>sourcecode.cpp.cpp</string>
				<key>fileEncoding</key>
				<string>4</string>
				<key>isa</key>
				<string>PBXFileReference</string>
				<key>name</key>
				<string>ofxSliderGroup.cpp</string>
				<key>path</key>
				<string>../../../addons/ofxGui/src/ofxSliderGroup.cpp</string>
				<key>sourceTree</key>
				<string>SOURCE_ROOT</string>
			</dict>
			<key>52AFA1F08C420992CAAAE648</key>
			<dict>
				<key>explicitFileType</key>
				<string>sourcecode.c.h</string>
				<key>fileEncoding</key>
				<string>4</string>
				<key>isa</key>
				<string>PBXFileReference</string>
				<key>name</key>
				<string>ofxSlider.h</string>
				<key>path</key>
				<string>../../../addons/ofxGui/src/ofxSlider.h</string>
				<key>sourceTree</key>
				<string>SOURCE_ROOT</string>
			</dict>
			<key>837220E80EB56CD44AD27F2A</key>
			<dict>
				<key>fileRef</key>
				<string>15F2C6477A769C03A56D1401</string>
				<key>isa</key>
				<string>PBXBuildFile</string>
			</dict>
			<key>15F2C6477A769C03A56D1401</key>
			<dict>
				<key>explicitFileType</key>
				<string>sourcecode.cpp.cpp</string>
				<key>fileEncoding</key>
				<string>4</string>
				<key>isa</key>
				<string>PBXFileReference</string>
				<key>name</key>
				<string>ofxSlider.cpp</string>
				<key>path</key>
				<string>../../../addons/ofxGui/src/ofxSlider.cpp</string>
				<key>sourceTree</key>
				<string>SOURCE_ROOT</string>
			</dict>
			<key>89449E3044D456F7DE7BEA14</key>
			<dict>
				<key>explicitFileType</key>
				<string>sourcecode.c.h</string>
				<key>fileEncoding</key>
				<string>4</string>
				<key>isa</key>
				<string>PBXFileReference</string>
				<key>name</key>
				<string>ofxPanel.h</string>
				<key>path</key>
				<string>../../../addons/ofxGui/src/ofxPanel.h</string>
				<key>sourceTree</key>
				<string>SOURCE_ROOT</string>
			</dict>
			<key>F285EB3169F1566CA3D93C20</key>
			<dict>
				<key>fileRef</key>
				<string>E112B3AEBEA2C091BF2B40AE</string>
				<key>isa</key>
				<string>PBXBuildFile</string>
			</dict>
			<key>E112B3AEBEA2C091BF2B40AE</key>
			<dict>
				<key>explicitFileType</key>
				<string>sourcecode.cpp.cpp</string>
				<key>fileEncoding</key>
				<string>4</string>
				<key>isa</key>
				<string>PBXFileReference</string>
				<key>name</key>
				<string>ofxPanel.cpp</string>
				<key>path</key>
				<string>../../../addons/ofxGui/src/ofxPanel.cpp</string>
				<key>sourceTree</key>
				<string>SOURCE_ROOT</string>
			</dict>
			<key>B87C60311EC1FE841C1ECD89</key>
			<dict>
				<key>explicitFileType</key>
				<string>sourcecode.c.h</string>
				<key>fileEncoding</key>
				<string>4</string>
				<key>isa</key>
				<string>PBXFileReference</string>
				<key>name</key>
				<string>ofxLabel.h</string>
				<key>path</key>
				<string>../../../addons/ofxGui/src/ofxLabel.h</string>
				<key>sourceTree</key>
				<string>SOURCE_ROOT</string>
			</dict>
			<key>483908258D00B98B4BE69F07</key>
			<dict>
				<key>fileRef</key>
				<string>78D67A00EB899FAC09430597</string>
				<key>isa</key>
				<string>PBXBuildFile</string>
			</dict>
			<key>78D67A00EB899FAC09430597</key>
			<dict>
				<key>explicitFileType</key>
				<string>sourcecode.cpp.cpp</string>
				<key>fileEncoding</key>
				<string>4</string>
				<key>isa</key>
				<string>PBXFileReference</string>
				<key>name</key>
				<string>ofxLabel.cpp</string>
				<key>path</key>
				<string>../../../addons/ofxGui/src/ofxLabel.cpp</string>
				<key>sourceTree</key>
				<string>SOURCE_ROOT</string>
			</dict>
			<key>AE68B54581BE4A1DAE853180</key>
			<dict>
				<key>explicitFileType</key>
				<string>sourcecode.c.h</string>
				<key>fileEncoding</key>
				<string>4</string>
				<key>isa</key>
				<string>PBXFileReference</string>
				<key>name</key>
				<string>ofxInputField.h</string>
				<key>path</key>
				<string>../../../addons/ofxGui/src/ofxInputField.h</string>
				<key>sourceTree</key>
				<string>SOURCE_ROOT</string>
			</dict>
			<key>852E0891794923EE7583C621</key>
			<dict>
				<key>fileRef</key>
				<string>44B351490B620D04E1E7C52D</string>
				<key>isa</key>
				<string>PBXBuildFile</string>
			</dict>
			<key>44B351490B620D04E1E7C52D</key>
			<dict>
				<key>explicitFileType</key>
				<string>sourcecode.cpp.cpp</string>
				<key>fileEncoding</key>
				<string>4</string>
				<key>isa</key>
				<string>PBXFileReference</string>
				<key>name</key>
				<string>ofxInputField.cpp</string>
				<key>path</key>
				<string>../../../addons/ofxGui/src/ofxInputField.cpp</string>
				<key>sourceTree</key>
				<string>SOURCE_ROOT</string>
			</dict>
			<key>BA274EC7A169D538BD43A5D8</key>
			<dict>
				<key>explicitFileType</key>
				<string>sourcecode.c.h</string>
				<key>fileEncoding</key>
				<string>4</string>
				<key>isa</key>
				<string>PBXFileReference</string>
				<key>name</key>
				<string>ofxGuiUtils.h</string>
				<key>path</key>
				<string>../../../addons/ofxGui/src/ofxGuiUtils.h</string>
				<key>sourceTree</key>
				<string>SOURCE_ROOT</string>
			</dict>
			<key>1C0DA2561397A7DE0246858B</key>
			<dict>
				<key>explicitFileType</key>
				<string>sourcecode.c.h</string>
				<key>fileEncoding</key>
				<string>4</string>
				<key>isa</key>
				<string>PBXFileReference</string>
				<key>name</key>
				<string>ofxGuiGroup.h</string>
				<key>path</key>
				<string>../../../addons/ofxGui/src/ofxGuiGroup.h</string>
				<key>sourceTree</key>
				<string>SOURCE_ROOT</string>
			</dict>
			<key>B266578FC55D23BFEBC042E7</key>
			<dict>
				<key>fileRef</key>
				<string>ECF8674C7975F1063C5E30CA</string>
				<key>isa</key>
				<string>PBXBuildFile</string>
			</dict>
			<key>ECF8674C7975F1063C5E30CA</key>
			<dict>
				<key>explicitFileType</key>
				<string>sourcecode.cpp.cpp</string>
				<key>fileEncoding</key>
				<string>4</string>
				<key>isa</key>
				<string>PBXFileReference</string>
				<key>name</key>
				<string>ofxGuiGroup.cpp</string>
				<key>path</key>
				<string>../../../addons/ofxGui/src/ofxGuiGroup.cpp</string>
				<key>sourceTree</key>
				<string>SOURCE_ROOT</string>
			</dict>
			<key>17E65988300FBD9AAA2CD0CA</key>
			<dict>
				<key>explicitFileType</key>
				<string>sourcecode.c.h</string>
				<key>fileEncoding</key>
				<string>4</string>
				<key>isa</key>
				<string>PBXFileReference</string>
				<key>name</key>
				<string>ofxGui.h</string>
				<key>path</key>
				<string>../../../addons/ofxGui/src/ofxGui.h</string>
				<key>sourceTree</key>
				<string>SOURCE_ROOT</string>
			</dict>
			<key>489B196944B06ADC2A071076</key>
			<dict>
				<key>explicitFileType</key>
				<string>sourcecode.c.h</string>
				<key>fileEncoding</key>
				<string>4</string>
				<key>isa</key>
				<string>PBXFileReference</string>
				<key>name</key>
				<string>ofxColorPicker.h</string>
				<key>path</key>
				<string>../../../addons/ofxGui/src/ofxColorPicker.h</string>
				<key>sourceTree</key>
				<string>SOURCE_ROOT</string>
			</dict>
			<key>853E0BA2F448076739446874</key>
			<dict>
				<key>fileRef</key>
				<string>181D363B6DD54D1FA6309C43</string>
				<key>isa</key>
				<string>PBXBuildFile</string>
			</dict>
			<key>181D363B6DD54D1FA6309C43</key>
			<dict>
				<key>explicitFileType</key>
				<string>sourcecode.cpp.cpp</string>
				<key>fileEncoding</key>
				<string>4</string>
				<key>isa</key>
				<string>PBXFileReference</string>
				<key>name</key>
				<string>ofxColorPicker.cpp</string>
				<key>path</key>
				<string>../../../addons/ofxGui/src/ofxColorPicker.cpp</string>
				<key>sourceTree</key>
				<string>SOURCE_ROOT</string>
			</dict>
			<key>2834D88A62CD23F3DE2C47D1</key>
			<dict>
				<key>explicitFileType</key>
				<string>sourcecode.c.h</string>
				<key>fileEncoding</key>
				<string>4</string>
				<key>isa</key>
				<string>PBXFileReference</string>
				<key>name</key>
				<string>ofxButton.h</string>
				<key>path</key>
				<string>../../../addons/ofxGui/src/ofxButton.h</string>
				<key>sourceTree</key>
				<string>SOURCE_ROOT</string>
			</dict>
			<key>5CBB2AB3A60F65431D7B555D</key>
			<dict>
				<key>fileRef</key>
				<string>C88333E71C9457E441C33474</string>
				<key>isa</key>
				<string>PBXBuildFile</string>
			</dict>
			<key>C88333E71C9457E441C33474</key>
			<dict>
				<key>explicitFileType</key>
				<string>sourcecode.cpp.cpp</string>
				<key>fileEncoding</key>
				<string>4</string>
				<key>isa</key>
				<string>PBXFileReference</string>
				<key>name</key>
				<string>ofxButton.cpp</string>
				<key>path</key>
				<string>../../../addons/ofxGui/src/ofxButton.cpp</string>
				<key>sourceTree</key>
				<string>SOURCE_ROOT</string>
			</dict>
			<key>87F26B4B24CBD428AD9EEBAA</key>
			<dict>
				<key>explicitFileType</key>
				<string>sourcecode.c.h</string>
				<key>fileEncoding</key>
				<string>4</string>
				<key>isa</key>
				<string>PBXFileReference</string>
				<key>name</key>
				<string>ofxBaseGui.h</string>
				<key>path</key>
				<string>../../../addons/ofxGui/src/ofxBaseGui.h</string>
				<key>sourceTree</key>
				<string>SOURCE_ROOT</string>
			</dict>
			<key>A763ED608B35AE3310251DEE</key>
			<dict>
				<key>children</key>
				<array>
					<string>9604B925D32EE39065747725</string>
					<string>87F26B4B24CBD428AD9EEBAA</string>
					<string>C88333E71C9457E441C33474</string>
					<string>2834D88A62CD23F3DE2C47D1</string>
					<string>181D363B6DD54D1FA6309C43</string>
					<string>489B196944B06ADC2A071076</string>
					<string>17E65988300FBD9AAA2CD0CA</string>
					<string>ECF8674C7975F1063C5E30CA</string>
					<string>1C0DA2561397A7DE0246858B</string>
					<string>BA274EC7A169D538BD43A5D8</string>
					<string>44B351490B620D04E1E7C52D</string>
					<string>AE68B54581BE4A1DAE853180</string>
					<string>78D67A00EB899FAC09430597</string>
					<string>B87C60311EC1FE841C1ECD89</string>
					<string>E112B3AEBEA2C091BF2B40AE</string>
					<string>89449E3044D456F7DE7BEA14</string>
					<string>15F2C6477A769C03A56D1401</string>
					<string>52AFA1F08C420992CAAAE648</string>
					<string>802251BAF1B35B1D67B32FD0</string>
					<string>C70D8946940288799E82131E</string>
					<string>907C5B5E104864A2D3A25745</string>
					<string>0A1DAC09F322AE313A40706D</string>
				</array>
				<key>isa</key>
				<string>PBXGroup</string>
				<key>name</key>
				<string>src</string>
				<key>sourceTree</key>
				<string>&lt;group&gt;</string>
			</dict>
			<key>480A780D8D0308AE4A368801</key>
			<dict>
				<key>children</key>
				<array>
					<string>A763ED608B35AE3310251DEE</string>
				</array>
				<key>isa</key>
				<string>PBXGroup</string>
				<key>name</key>
				<string>ofxGui</string>
				<key>sourceTree</key>
				<string>&lt;group&gt;</string>
			</dict>
			<key>856AA354D08AB4B323081444</key>
			<dict>
				<key>fileRef</key>
				<string>9604B925D32EE39065747725</string>
				<key>isa</key>
				<string>PBXBuildFile</string>
			</dict>
			<key>9604B925D32EE39065747725</key>
			<dict>
				<key>explicitFileType</key>
				<string>sourcecode.cpp.cpp</string>
				<key>fileEncoding</key>
				<string>4</string>
				<key>isa</key>
				<string>PBXFileReference</string>
				<key>name</key>
				<string>ofxBaseGui.cpp</string>
				<key>path</key>
				<string>../../../addons/ofxGui/src/ofxBaseGui.cpp</string>
				<key>sourceTree</key>
				<string>SOURCE_ROOT</string>
			</dict>
			<key>73F68570AA23747326738BB8</key>
			<dict>
				<key>fileRef</key>
				<string>6F97681DB8EABE6C71C27E1A</string>
				<key>isa</key>
				<string>PBXBuildFile</string>
			</dict>
			<key>6F97681DB8EABE6C71C27E1A</key>
			<dict>
				<key>lastKnownFileType</key>
				<string>wrapper.framework</string>
				<key>isa</key>
				<string>PBXFileReference</string>
				<key>name</key>
				<string>Metal.framework</string>
				<key>path</key>
				<string>/Applications/Xcode.app/Contents/Developer/Platforms/iPhoneOS.platform/Developer/SDKs/iPhoneOS.sdk/System/Library/Frameworks/Metal.framework</string>
				<key>sourceTree</key>
				<string>&lt;group&gt;</string>
			</dict>
			<key>A7EA554ECE5A77D5399F3CAC</key>
			<dict>
				<key>fileRef</key>
				<string>E516327084C880AF536AA6E1</string>
				<key>isa</key>
				<string>PBXBuildFile</string>
			</dict>
			<key>E516327084C880AF536AA6E1</key>
			<dict>
				<key>lastKnownFileType</key>
				<string>wrapper.framework</string>
				<key>isa</key>
				<string>PBXFileReference</string>
				<key>name</key>
				<string>MetalKit.framework</string>
				<key>path</key>
				<string>/Applications/Xcode.app/Contents/Developer/Platforms/iPhoneOS.platform/Developer/SDKs/iPhoneOS.sdk/System/Library/Frameworks/MetalKit.framework</string>
				<key>sourceTree</key>
				<string>&lt;group&gt;</string>
			</dict>
			<key>CBD5F6096361C823AA68D63D</key>
			<dict>
				<key>children</key>
				<array>
					<string>517B80F49A5C789E90E5131A</string>
					<string>E516327084C880AF536AA6E1</string>
					<string>6F97681DB8EABE6C71C27E1A</string>
				</array>
				<key>isa</key>
				<string>PBXGroup</string>
				<key>name</key>
				<string>frameworks</string>
				<key>sourceTree</key>
				<string>&lt;group&gt;</string>
			</dict>
			<key>306D06F5C9531F383C48155E</key>
			<dict>
				<key>fileRef</key>
				<string>517B80F49A5C789E90E5131A</string>
				<key>isa</key>
				<string>PBXBuildFile</string>
			</dict>
			<key>517B80F49A5C789E90E5131A</key>
			<dict>
				<key>lastKnownFileType</key>
				<string>wrapper.framework</string>
				<key>isa</key>
				<string>PBXFileReference</string>
				<key>name</key>
				<string>ARKit.framework</string>
				<key>path</key>
				<string>/Applications/Xcode.app/Contents/Developer/Platforms/iPhoneOS.platform/Developer/SDKs/iPhoneOS.sdk/System/Library/Frameworks/ARKit.framework</string>
				<key>sourceTree</key>
				<string>&lt;group&gt;</string>
			</dict>
			<key>CC7B4B2B9605C0BF2C8A133C</key>
			<dict>
				<key>explicitFileType</key>
				<string>sourcecode.c.h</string>
				<key>fileEncoding</key>
				<string>4</string>
				<key>isa</key>
				<string>PBXFileReference</string>
				<key>name</key>
				<string>ofxARKit.h</string>
				<key>path</key>
				<string>../../../addons/ofxARKit/src/ofxARKit.h</string>
				<key>sourceTree</key>
				<string>SOURCE_ROOT</string>
			</dict>
			<key>08CEF3FE9D0E6C630D90691E</key>
			<dict>
				<key>fileRef</key>
				<string>B729AD4738DF85419E1482B7</string>
				<key>isa</key>
				<string>PBXBuildFile</string>
			</dict>
			<key>B729AD4738DF85419E1482B7</key>
			<dict>
				<key>explicitFileType</key>
				<string>file</string>
				<key>fileEncoding</key>
				<string>4</string>
				<key>isa</key>
				<string>PBXFileReference</string>
				<key>name</key>
				<string>Shaders.metal</string>
				<key>path</key>
				<string>../../../addons/ofxARKit/src/lib/Shaders.metal</string>
				<key>sourceTree</key>
				<string>SOURCE_ROOT</string>
			</dict>
			<key>6B4856EAC09E12DF4215247B</key>
			<dict>
				<key>explicitFileType</key>
				<string>sourcecode.c.h</string>
				<key>fileEncoding</key>
				<string>4</string>
				<key>isa</key>
				<string>PBXFileReference</string>
				<key>name</key>
				<string>ShaderTypes.h</string>
				<key>path</key>
				<string>../../../addons/ofxARKit/src/lib/ShaderTypes.h</string>
				<key>sourceTree</key>
				<string>SOURCE_ROOT</string>
			</dict>
			<key>8057689E9DA4FB99C9612446</key>
			<dict>
				<key>fileRef</key>
				<string>AAB89E05B8488BEE5EF244FC</string>
				<key>isa</key>
				<string>PBXBuildFile</string>
			</dict>
			<key>AAB89E05B8488BEE5EF244FC</key>
			<dict>
				<key>explicitFileType</key>
				<string>sourcecode.cpp.objcpp</string>
				<key>fileEncoding</key>
				<string>4</string>
				<key>isa</key>
				<string>PBXFileReference</string>
				<key>name</key>
				<string>MetalCam.mm</string>
				<key>path</key>
				<string>../../../addons/ofxARKit/src/lib/MetalCam.mm</string>
				<key>sourceTree</key>
				<string>SOURCE_ROOT</string>
			</dict>
			<key>67A84E67C5883741A1917131</key>
			<dict>
				<key>explicitFileType</key>
				<string>sourcecode.c.h</string>
				<key>fileEncoding</key>
				<string>4</string>
				<key>isa</key>
				<string>PBXFileReference</string>
				<key>name</key>
				<string>MetalCam.h</string>
				<key>path</key>
				<string>../../../addons/ofxARKit/src/lib/MetalCam.h</string>
				<key>sourceTree</key>
				<string>SOURCE_ROOT</string>
			</dict>
			<key>F8A4F8053822AAC282134326</key>
			<dict>
				<key>fileRef</key>
				<string>16943177FB9C48093D420339</string>
				<key>isa</key>
				<string>PBXBuildFile</string>
			</dict>
			<key>16943177FB9C48093D420339</key>
			<dict>
				<key>explicitFileType</key>
				<string>sourcecode.cpp.objcpp</string>
				<key>fileEncoding</key>
				<string>4</string>
				<key>isa</key>
				<string>PBXFileReference</string>
				<key>name</key>
				<string>Camera.mm</string>
				<key>path</key>
				<string>../../../addons/ofxARKit/src/lib/Camera.mm</string>
				<key>sourceTree</key>
				<string>SOURCE_ROOT</string>
			</dict>
			<key>FD094D8DA0BE3634DF6BAA3B</key>
			<dict>
				<key>explicitFileType</key>
				<string>sourcecode.c.h</string>
				<key>fileEncoding</key>
				<string>4</string>
				<key>isa</key>
				<string>PBXFileReference</string>
				<key>name</key>
				<string>Camera.h</string>
				<key>path</key>
				<string>../../../addons/ofxARKit/src/lib/Camera.h</string>
				<key>sourceTree</key>
				<string>SOURCE_ROOT</string>
			</dict>
			<key>895BB2DC8F64D074767B4A8C</key>
			<dict>
				<key>explicitFileType</key>
				<string>sourcecode.c.h</string>
				<key>fileEncoding</key>
				<string>4</string>
				<key>isa</key>
				<string>PBXFileReference</string>
				<key>name</key>
				<string>ARUtils.h</string>
				<key>path</key>
				<string>../../../addons/ofxARKit/src/lib/ARUtils.h</string>
				<key>sourceTree</key>
				<string>SOURCE_ROOT</string>
			</dict>
			<key>6E997AD4D5DFA6F2279FED97</key>
			<dict>
				<key>explicitFileType</key>
				<string>sourcecode.c.h</string>
				<key>fileEncoding</key>
				<string>4</string>
				<key>isa</key>
				<string>PBXFileReference</string>
				<key>name</key>
				<string>ARShaders.h</string>
				<key>path</key>
				<string>../../../addons/ofxARKit/src/lib/ARShaders.h</string>
				<key>sourceTree</key>
				<string>SOURCE_ROOT</string>
			</dict>
			<key>9B281FF686BA0D026AE2ED84</key>
			<dict>
				<key>explicitFileType</key>
				<string>sourcecode.c.h</string>
				<key>fileEncoding</key>
				<string>4</string>
				<key>isa</key>
				<string>PBXFileReference</string>
				<key>name</key>
				<string>ARSessionSetup.h</string>
				<key>path</key>
				<string>../../../addons/ofxARKit/src/lib/ARSessionSetup.h</string>
				<key>sourceTree</key>
				<string>SOURCE_ROOT</string>
			</dict>
			<key>D449374B32245018E4A8FCCC</key>
			<dict>
				<key>fileRef</key>
				<string>C920D6EC10E102E2983C196A</string>
				<key>isa</key>
				<string>PBXBuildFile</string>
			</dict>
			<key>C920D6EC10E102E2983C196A</key>
			<dict>
				<key>explicitFileType</key>
				<string>sourcecode.cpp.objcpp</string>
				<key>fileEncoding</key>
				<string>4</string>
				<key>isa</key>
				<string>PBXFileReference</string>
				<key>name</key>
				<string>ARProcessor.mm</string>
				<key>path</key>
				<string>../../../addons/ofxARKit/src/lib/ARProcessor.mm</string>
				<key>sourceTree</key>
				<string>SOURCE_ROOT</string>
			</dict>
			<key>9288F98A4FBE0DB0656BABC1</key>
			<dict>
				<key>explicitFileType</key>
				<string>sourcecode.c.h</string>
				<key>fileEncoding</key>
				<string>4</string>
				<key>isa</key>
				<string>PBXFileReference</string>
				<key>name</key>
				<string>ARProcessor.h</string>
				<key>path</key>
				<string>../../../addons/ofxARKit/src/lib/ARProcessor.h</string>
				<key>sourceTree</key>
				<string>SOURCE_ROOT</string>
			</dict>
			<key>2D9AF60D169D375473180BED</key>
			<dict>
				<key>explicitFileType</key>
				<string>sourcecode.c.h</string>
				<key>fileEncoding</key>
				<string>4</string>
				<key>isa</key>
				<string>PBXFileReference</string>
				<key>name</key>
				<string>ARObjects.h</string>
				<key>path</key>
				<string>../../../addons/ofxARKit/src/lib/ARObjects.h</string>
				<key>sourceTree</key>
				<string>SOURCE_ROOT</string>
			</dict>
			<key>E01E92B16305D6FD8300185B</key>
			<dict>
				<key>explicitFileType</key>
				<string>sourcecode.c.h</string>
				<key>fileEncoding</key>
				<string>4</string>
				<key>isa</key>
				<string>PBXFileReference</string>
				<key>name</key>
				<string>ARFaceTrackingBool.h</string>
				<key>path</key>
				<string>../../../addons/ofxARKit/src/lib/ARFaceTrackingBool.h</string>
				<key>sourceTree</key>
				<string>SOURCE_ROOT</string>
			</dict>
			<key>15D8116F6AD9D0F2F4213B11</key>
			<dict>
				<key>explicitFileType</key>
				<string>sourcecode.c.h</string>
				<key>fileEncoding</key>
				<string>4</string>
				<key>isa</key>
				<string>PBXFileReference</string>
				<key>name</key>
				<string>ARDebugUtils.h</string>
				<key>path</key>
				<string>../../../addons/ofxARKit/src/lib/ARDebugUtils.h</string>
				<key>sourceTree</key>
				<string>SOURCE_ROOT</string>
			</dict>
			<key>5885C14C987D28A87F4D36FE</key>
			<dict>
				<key>fileRef</key>
				<string>06CBB8EB438EF0E6876CF3A9</string>
				<key>isa</key>
				<string>PBXBuildFile</string>
			</dict>
			<key>06CBB8EB438EF0E6876CF3A9</key>
			<dict>
				<key>explicitFileType</key>
				<string>sourcecode.cpp.objcpp</string>
				<key>fileEncoding</key>
				<string>4</string>
				<key>isa</key>
				<string>PBXFileReference</string>
				<key>name</key>
				<string>ARAnchorManager.mm</string>
				<key>path</key>
				<string>../../../addons/ofxARKit/src/lib/ARAnchorManager.mm</string>
				<key>sourceTree</key>
				<string>SOURCE_ROOT</string>
			</dict>
			<key>BD48F05A6623BFAAA3FA0258</key>
			<dict>
				<key>explicitFileType</key>
				<string>sourcecode.c.h</string>
				<key>fileEncoding</key>
				<string>4</string>
				<key>isa</key>
				<string>PBXFileReference</string>
				<key>name</key>
				<string>ARAnchorManager.h</string>
				<key>path</key>
				<string>../../../addons/ofxARKit/src/lib/ARAnchorManager.h</string>
				<key>sourceTree</key>
				<string>SOURCE_ROOT</string>
			</dict>
			<key>974DFB60FBAF4875171F9F7B</key>
			<dict>
				<key>fileRef</key>
				<string>F31B288314BBD593C17466E9</string>
				<key>isa</key>
				<string>PBXBuildFile</string>
			</dict>
			<key>F31B288314BBD593C17466E9</key>
			<dict>
				<key>explicitFileType</key>
				<string>sourcecode.cpp.objcpp</string>
				<key>fileEncoding</key>
				<string>4</string>
				<key>isa</key>
				<string>PBXFileReference</string>
				<key>name</key>
				<string>ARAirPodMoves.mm</string>
				<key>path</key>
				<string>../../../addons/ofxARKit/src/lib/ARAirPodMoves.mm</string>
				<key>sourceTree</key>
				<string>SOURCE_ROOT</string>
			</dict>
			<key>2BE8196F15BC9A701C1D1807</key>
			<dict>
				<key>children</key>
				<array>
					<string>E2E8E6E2351A5DABC0C36CD8</string>
					<string>F31B288314BBD593C17466E9</string>
					<string>BD48F05A6623BFAAA3FA0258</string>
					<string>06CBB8EB438EF0E6876CF3A9</string>
					<string>15D8116F6AD9D0F2F4213B11</string>
					<string>E01E92B16305D6FD8300185B</string>
					<string>2D9AF60D169D375473180BED</string>
					<string>9288F98A4FBE0DB0656BABC1</string>
					<string>C920D6EC10E102E2983C196A</string>
					<string>9B281FF686BA0D026AE2ED84</string>
					<string>6E997AD4D5DFA6F2279FED97</string>
					<string>895BB2DC8F64D074767B4A8C</string>
					<string>FD094D8DA0BE3634DF6BAA3B</string>
					<string>16943177FB9C48093D420339</string>
					<string>67A84E67C5883741A1917131</string>
					<string>AAB89E05B8488BEE5EF244FC</string>
					<string>6B4856EAC09E12DF4215247B</string>
					<string>B729AD4738DF85419E1482B7</string>
				</array>
				<key>isa</key>
				<string>PBXGroup</string>
				<key>name</key>
				<string>lib</string>
				<key>sourceTree</key>
				<string>&lt;group&gt;</string>
			</dict>
			<key>65605B10F492D4585BA50B2D</key>
			<dict>
				<key>children</key>
				<array>
					<string>2BE8196F15BC9A701C1D1807</string>
					<string>CC7B4B2B9605C0BF2C8A133C</string>
				</array>
				<key>isa</key>
				<string>PBXGroup</string>
				<key>name</key>
				<string>src</string>
				<key>sourceTree</key>
				<string>&lt;group&gt;</string>
			</dict>
			<key>2152D16385B8F9DE337E943B</key>
			<dict>
				<key>children</key>
				<array>
					<string>65605B10F492D4585BA50B2D</string>
					<string>CBD5F6096361C823AA68D63D</string>
				</array>
				<key>isa</key>
				<string>PBXGroup</string>
				<key>name</key>
				<string>ofxARKit</string>
				<key>sourceTree</key>
				<string>&lt;group&gt;</string>
			</dict>
			<key>E2E8E6E2351A5DABC0C36CD8</key>
			<dict>
				<key>explicitFileType</key>
				<string>sourcecode.c.h</string>
				<key>fileEncoding</key>
				<string>4</string>
				<key>isa</key>
				<string>PBXFileReference</string>
				<key>name</key>
				<string>ARAirPodMoves.h</string>
				<key>path</key>
				<string>../../../addons/ofxARKit/src/lib/ARAirPodMoves.h</string>
				<key>sourceTree</key>
				<string>SOURCE_ROOT</string>
			</dict>
			<key>A9A16B1E62191E33535D39D3</key>
			<dict>
				<key>fileRef</key>
				<string>F63C79BA3EC38360C02D550C</string>
				<key>isa</key>
				<string>PBXBuildFile</string>
			</dict>
			<key>F63C79BA3EC38360C02D550C</key>
			<dict>
				<key>explicitFileType</key>
				<string>sourcecode.cpp.objcpp</string>
				<key>fileEncoding</key>
				<string>4</string>
				<key>isa</key>
				<string>PBXFileReference</string>
				<key>name</key>
				<string>MyAppDelegate.mm</string>
				<key>path</key>
				<string>src/delegates/MyAppDelegate.mm</string>
				<key>sourceTree</key>
				<string>SOURCE_ROOT</string>
			</dict>
			<key>06BE3FD42B9E184DA8B2B49B</key>
			<dict>
				<key>children</key>
				<array>
					<string>86BAACFE0BF7EA1416376330</string>
					<string>F63C79BA3EC38360C02D550C</string>
				</array>
				<key>isa</key>
				<string>PBXGroup</string>
				<key>name</key>
				<string>delegates</string>
				<key>sourceTree</key>
				<string>&lt;group&gt;</string>
			</dict>
			<key>86BAACFE0BF7EA1416376330</key>
			<dict>
				<key>explicitFileType</key>
				<string>sourcecode.c.h</string>
				<key>fileEncoding</key>
				<string>4</string>
				<key>isa</key>
				<string>PBXFileReference</string>
				<key>name</key>
				<string>MyAppDelegate.h</string>
				<key>path</key>
				<string>src/delegates/MyAppDelegate.h</string>
				<key>sourceTree</key>
				<string>SOURCE_ROOT</string>
			</dict>
			<key>888D698EA7C67CF20BABEDAF</key>
			<dict>
				<key>fileRef</key>
				<string>623C80DF40EE6BCDFCC80B51</string>
				<key>isa</key>
				<string>PBXBuildFile</string>
			</dict>
			<key>623C80DF40EE6BCDFCC80B51</key>
			<dict>
				<key>explicitFileType</key>
				<string>sourcecode.cpp.objcpp</string>
				<key>fileEncoding</key>
				<string>4</string>
				<key>isa</key>
				<string>PBXFileReference</string>
				<key>name</key>
				<string>MyAppViewController.mm</string>
				<key>path</key>
				<string>src/viewcontrollers/MyAppViewController.mm</string>
				<key>sourceTree</key>
				<string>SOURCE_ROOT</string>
			</dict>
			<key>CB9CBC6D4EDF6466EB7BCF5B</key>
			<dict>
				<key>fileRef</key>
				<string>CDA37EEC683BC5C1A109FB2F</string>
				<key>isa</key>
				<string>PBXBuildFile</string>
			</dict>
			<key>CDA37EEC683BC5C1A109FB2F</key>
			<dict>
				<key>explicitFileType</key>
				<string>sourcecode.cpp.objcpp</string>
				<key>fileEncoding</key>
				<string>4</string>
				<key>isa</key>
				<string>PBXFileReference</string>
				<key>name</key>
				<string>OFAppViewController.mm</string>
				<key>path</key>
				<string>src/viewcontrollers/OFAppViewController.mm</string>
				<key>sourceTree</key>
				<string>SOURCE_ROOT</string>
			</dict>
			<key>39B3A8D4FD292F93C28B8AEC</key>
			<dict>
				<key>explicitFileType</key>
				<string>sourcecode.c.h</string>
				<key>fileEncoding</key>
				<string>4</string>
				<key>isa</key>
				<string>PBXFileReference</string>
				<key>name</key>
				<string>MyAppViewController.h</string>
				<key>path</key>
				<string>src/viewcontrollers/MyAppViewController.h</string>
				<key>sourceTree</key>
				<string>SOURCE_ROOT</string>
			</dict>
			<key>D33A4FA4AC0104064E0F7CBA</key>
			<dict>
				<key>children</key>
				<array>
					<string>AFA32F15CBC34924092B5BDA</string>
					<string>39B3A8D4FD292F93C28B8AEC</string>
					<string>CDA37EEC683BC5C1A109FB2F</string>
					<string>623C80DF40EE6BCDFCC80B51</string>
				</array>
				<key>isa</key>
				<string>PBXGroup</string>
				<key>name</key>
				<string>viewcontrollers</string>
				<key>sourceTree</key>
				<string>&lt;group&gt;</string>
			</dict>
			<key>AFA32F15CBC34924092B5BDA</key>
			<dict>
				<key>explicitFileType</key>
				<string>sourcecode.c.h</string>
				<key>fileEncoding</key>
				<string>4</string>
				<key>isa</key>
				<string>PBXFileReference</string>
				<key>name</key>
				<string>OFAppViewController.h</string>
				<key>path</key>
				<string>src/viewcontrollers/OFAppViewController.h</string>
				<key>sourceTree</key>
				<string>SOURCE_ROOT</string>
			</dict>
			<key>706BFA98F7D47B24246D113A</key>
			<dict>
				<key>explicitFileType</key>
				<string>sourcecode.c.h</string>
				<key>fileEncoding</key>
				<string>4</string>
				<key>isa</key>
				<string>PBXFileReference</string>
				<key>name</key>
				<string>calcNormals.h</string>
				<key>path</key>
				<string>src/calcNormals.h</string>
				<key>sourceTree</key>
				<string>SOURCE_ROOT</string>
			</dict>
			<key>19C28FACFE9D520D11CA2CBB</key>
			<dict>
				<key>children</key>
				<array>
					<string>1D6058910D05DD3D006BFB54</string>
				</array>
				<key>isa</key>
				<string>PBXGroup</string>
				<key>name</key>
				<string>Products</string>
				<key>sourceTree</key>
				<string>&lt;group&gt;</string>
			</dict>
			<key>1D30AB110D05D00D00671497</key>
			<dict>
				<key>isa</key>
				<string>PBXFileReference</string>
				<key>lastKnownFileType</key>
				<string>wrapper.framework</string>
				<key>name</key>
				<string>Foundation.framework</string>
				<key>path</key>
				<string>System/Library/Frameworks/Foundation.framework</string>
				<key>sourceTree</key>
				<string>SDKROOT</string>
			</dict>
			<key>1D60588D0D05DD3D006BFB54</key>
			<dict>
				<key>buildActionMask</key>
				<string>2147483647</string>
				<key>files</key>
				<array>
					<string>9936F6101BFA4DEE00891288</string>
					<string>9936F6121BFA65F100891288</string>
				</array>
				<key>isa</key>
				<string>PBXResourcesBuildPhase</string>
				<key>runOnlyForDeploymentPostprocessing</key>
				<string>0</string>
			</dict>
			<key>1D60588E0D05DD3D006BFB54</key>
			<dict>
				<key>buildActionMask</key>
				<string>2147483647</string>
				<key>files</key>
				<array>
					<string>E4D8936E11527B74007E1F53</string>
					<string>E4D8936F11527B74007E1F53</string>
					<string>CB9CBC6D4EDF6466EB7BCF5B</string>
					<string>888D698EA7C67CF20BABEDAF</string>
					<string>A9A16B1E62191E33535D39D3</string>
					<string>974DFB60FBAF4875171F9F7B</string>
					<string>5885C14C987D28A87F4D36FE</string>
					<string>D449374B32245018E4A8FCCC</string>
					<string>F8A4F8053822AAC282134326</string>
					<string>8057689E9DA4FB99C9612446</string>
					<string>856AA354D08AB4B323081444</string>
					<string>5CBB2AB3A60F65431D7B555D</string>
					<string>853E0BA2F448076739446874</string>
					<string>B266578FC55D23BFEBC042E7</string>
					<string>852E0891794923EE7583C621</string>
					<string>483908258D00B98B4BE69F07</string>
					<string>F285EB3169F1566CA3D93C20</string>
					<string>837220E80EB56CD44AD27F2A</string>
					<string>B56FE57CC35806596D38118C</string>
					<string>1CD33E884D9E3358252E82A1</string>
				</array>
				<key>isa</key>
				<string>PBXSourcesBuildPhase</string>
				<key>runOnlyForDeploymentPostprocessing</key>
				<string>0</string>
			</dict>
			<key>1D60588F0D05DD3D006BFB54</key>
			<dict>
				<key>buildActionMask</key>
				<string>2147483647</string>
				<key>files</key>
				<array>
					<string>9969E7561C782C4500DEF0F6</string>
					<string>E41D421413B3A95300A75A5D</string>
					<string>901808C12053638E004A7774</string>
					<string>1D60589F0D05DD5A006BFB54</string>
					<string>1DF5F4E00D08C38300B7A737</string>
					<string>288765FD0DF74451002DB57D</string>
					<string>BB16EBD20F2B2A9500518274</string>
					<string>BB16EBD90F2B2AB500518274</string>
					<string>BBE5EAB80F49AD8400F28951</string>
					<string>53F323EB10A20EDB00E0DAE4</string>
					<string>5326AEA810A23A0500278DE6</string>
					<string>E41D400B13B39D2100A75A5D</string>
					<string>E41D400C13B39D2100A75A5D</string>
					<string>E41D400D13B39D2100A75A5D</string>
					<string>E41D400E13B39D2100A75A5D</string>
					<string>67DFA53619F92A69003B3434</string>
					<string>306D06F5C9531F383C48155E</string>
					<string>A7EA554ECE5A77D5399F3CAC</string>
					<string>73F68570AA23747326738BB8</string>
				</array>
				<key>isa</key>
				<string>PBXFrameworksBuildPhase</string>
				<key>runOnlyForDeploymentPostprocessing</key>
				<string>0</string>
			</dict>
			<key>1D6058900D05DD3D006BFB54</key>
			<dict>
				<key>buildConfigurationList</key>
				<string>1D6058960D05DD3E006BFB54</string>
				<key>buildPhases</key>
				<array>
					<string>1D60588D0D05DD3D006BFB54</string>
					<string>1D60588E0D05DD3D006BFB54</string>
					<string>1D60588F0D05DD3D006BFB54</string>
					<string>9255DD331112741900D6945E</string>
				</array>
				<key>buildRules</key>
				<array />
				<key>dependencies</key>
				<array>
					<string>E41D410413B3A11300A75A5D</string>
				</array>
				<key>isa</key>
				<string>PBXNativeTarget</string>
				<key>name</key>
				<string>example-face-tracking</string>
				<key>productName</key>
				<string>iPhone</string>
				<key>productReference</key>
				<string>1D6058910D05DD3D006BFB54</string>
				<key>productType</key>
				<string>com.apple.product-type.application</string>
			</dict>
			<key>1D6058910D05DD3D006BFB54</key>
			<dict>
				<key>explicitFileType</key>
				<string>wrapper.application</string>
				<key>includeInIndex</key>
				<string>0</string>
				<key>isa</key>
				<string>PBXFileReference</string>
				<key>path</key>
				<string>example-face-tracking.app</string>
				<key>sourceTree</key>
				<string>BUILT_PRODUCTS_DIR</string>
			</dict>
			<key>1D6058940D05DD3E006BFB54</key>
			<dict>
				<key>buildSettings</key>
				<dict>
					<key>ALWAYS_SEARCH_USER_PATHS</key>
					<string>NO</string>
					<key>ASSETCATALOG_COMPILER_APPICON_NAME</key>
					<string>AppIcon</string>
					<key>ASSETCATALOG_COMPILER_LAUNCHIMAGE_NAME</key>
					<string>Brand Assets</string>
					<key>FRAMEWORK_SEARCH_PATHS</key>
					<array>
						<string>$(inherited)</string>
						<string>$(PROJECT_DIR)</string>
						<string>/Applications/Xcode.app/Contents/Developer/Platforms/iPhoneOS.platform/Developer/SDKs/iPhoneOS.sdk/System/Library/Frameworks</string>
						<string>/Applications/Xcode.app/Contents/Developer/Platforms/iPhoneOS.platform/Developer/SDKs/iPhoneOS.sdk/System/Library/Frameworks</string>
						<string>/Applications/Xcode.app/Contents/Developer/Platforms/iPhoneOS.platform/Developer/SDKs/iPhoneOS.sdk/System/Library/Frameworks</string>
					</array>
					<key>GCC_PRECOMPILE_PREFIX_HEADER</key>
					<string>YES</string>
					<key>GCC_PREFIX_HEADER</key>
					<string>ofxiOS_Prefix.pch</string>
					<key>GCC_WARN_64_TO_32_BIT_CONVERSION[arch=*64]</key>
					<string>NO</string>
					<key>INFOPLIST_FILE</key>
					<string>ofxiOS-Info.plist</string>
					<key>IPHONEOS_DEPLOYMENT_TARGET</key>
					<string>7.0</string>
					<key>PRODUCT_NAME</key>
					<string>${TARGET_NAME}</string>
					<key>TARGETED_DEVICE_FAMILY</key>
					<string>1,2</string>
					<key>VALID_ARCHS</key>
					<string>$(ARCHS_STANDARD)</string>
				</dict>
				<key>isa</key>
				<string>XCBuildConfiguration</string>
				<key>name</key>
				<string>Debug</string>
			</dict>
			<key>1D6058950D05DD3E006BFB54</key>
			<dict>
				<key>buildSettings</key>
				<dict>
					<key>ASSETCATALOG_COMPILER_APPICON_NAME</key>
					<string>AppIcon</string>
					<key>ASSETCATALOG_COMPILER_LAUNCHIMAGE_NAME</key>
					<string>Brand Assets</string>
					<key>FRAMEWORK_SEARCH_PATHS</key>
					<array>
						<string>$(inherited)</string>
						<string>$(PROJECT_DIR)</string>
						<string>/Applications/Xcode.app/Contents/Developer/Platforms/iPhoneOS.platform/Developer/SDKs/iPhoneOS.sdk/System/Library/Frameworks</string>
						<string>/Applications/Xcode.app/Contents/Developer/Platforms/iPhoneOS.platform/Developer/SDKs/iPhoneOS.sdk/System/Library/Frameworks</string>
						<string>/Applications/Xcode.app/Contents/Developer/Platforms/iPhoneOS.platform/Developer/SDKs/iPhoneOS.sdk/System/Library/Frameworks</string>
					</array>
					<key>GCC_PRECOMPILE_PREFIX_HEADER</key>
					<string>YES</string>
					<key>GCC_PREFIX_HEADER</key>
					<string>ofxiOS_Prefix.pch</string>
					<key>GCC_WARN_64_TO_32_BIT_CONVERSION[arch=*64]</key>
					<string>NO</string>
					<key>INFOPLIST_FILE</key>
					<string>ofxiOS-Info.plist</string>
					<key>IPHONEOS_DEPLOYMENT_TARGET</key>
					<string>7.0</string>
					<key>PRODUCT_NAME</key>
					<string>${TARGET_NAME}</string>
					<key>TARGETED_DEVICE_FAMILY</key>
					<string>1,2</string>
					<key>VALID_ARCHS</key>
					<string>$(ARCHS_STANDARD)</string>
				</dict>
				<key>isa</key>
				<string>XCBuildConfiguration</string>
				<key>name</key>
				<string>Release</string>
			</dict>
			<key>1D6058960D05DD3E006BFB54</key>
			<dict>
				<key>buildConfigurations</key>
				<array>
					<string>1D6058940D05DD3E006BFB54</string>
					<string>1D6058950D05DD3E006BFB54</string>
				</array>
				<key>defaultConfigurationIsVisible</key>
				<string>0</string>
				<key>defaultConfigurationName</key>
				<string>Release</string>
				<key>isa</key>
				<string>XCConfigurationList</string>
			</dict>
			<key>1D60589F0D05DD5A006BFB54</key>
			<dict>
				<key>fileRef</key>
				<string>1D30AB110D05D00D00671497</string>
				<key>isa</key>
				<string>PBXBuildFile</string>
			</dict>
			<key>1DF5F4DF0D08C38300B7A737</key>
			<dict>
				<key>isa</key>
				<string>PBXFileReference</string>
				<key>lastKnownFileType</key>
				<string>wrapper.framework</string>
				<key>name</key>
				<string>UIKit.framework</string>
				<key>path</key>
				<string>System/Library/Frameworks/UIKit.framework</string>
				<key>sourceTree</key>
				<string>SDKROOT</string>
			</dict>
			<key>1DF5F4E00D08C38300B7A737</key>
			<dict>
				<key>fileRef</key>
				<string>1DF5F4DF0D08C38300B7A737</string>
				<key>isa</key>
				<string>PBXBuildFile</string>
			</dict>
			<key>288765FC0DF74451002DB57D</key>
			<dict>
				<key>isa</key>
				<string>PBXFileReference</string>
				<key>lastKnownFileType</key>
				<string>wrapper.framework</string>
				<key>name</key>
				<string>CoreGraphics.framework</string>
				<key>path</key>
				<string>System/Library/Frameworks/CoreGraphics.framework</string>
				<key>sourceTree</key>
				<string>SDKROOT</string>
			</dict>
			<key>288765FD0DF74451002DB57D</key>
			<dict>
				<key>fileRef</key>
				<string>288765FC0DF74451002DB57D</string>
				<key>isa</key>
				<string>PBXBuildFile</string>
			</dict>
			<key>29B97313FDCFA39411CA2CEA</key>
			<dict>
				<key>attributes</key>
				<dict>
					<key>LastUpgradeCheck</key>
					<string>0600</string>
				</dict>
				<key>buildConfigurationList</key>
				<string>C01FCF4E08A954540054247B</string>
				<key>compatibilityVersion</key>
				<string>Xcode 3.2</string>
				<key>developmentRegion</key>
				<string>English</string>
				<key>hasScannedForEncodings</key>
				<string>1</string>
				<key>isa</key>
				<string>PBXProject</string>
				<key>knownRegions</key>
				<array>
					<string>English</string>
					<string>Japanese</string>
					<string>French</string>
					<string>German</string>
				</array>
				<key>mainGroup</key>
				<string>29B97314FDCFA39411CA2CEA</string>
				<key>projectDirPath</key>
				<string />
				<key>projectReferences</key>
				<array>
					<dict>
						<key>ProductGroup</key>
						<string>E41D40FE13B3A0D800A75A5D</string>
						<key>ProjectRef</key>
						<string>E41D40FD13B3A0D800A75A5D</string>
					</dict>
				</array>
				<key>projectRoot</key>
				<string />
				<key>targets</key>
				<array>
					<string>1D6058900D05DD3D006BFB54</string>
				</array>
			</dict>
			<key>29B97314FDCFA39411CA2CEA</key>
			<dict>
				<key>children</key>
				<array>
					<string>9936F60E1BFA4DEE00891288</string>
					<string>E4D8936A11527B74007E1F53</string>
					<string>BB24E1F710DAA51900E9C588</string>
					<string>BB16F26B0F2B646B00518274</string>
					<string>BB16E9930F2B1E5900518274</string>
					<string>19C28FACFE9D520D11CA2CBB</string>
					<string>901808C02053638E004A7774</string>
				</array>
				<key>isa</key>
				<string>PBXGroup</string>
				<key>name</key>
				<string>CustomTemplate</string>
				<key>sourceTree</key>
				<string>&lt;group&gt;</string>
			</dict>
			<key>29B97323FDCFA39411CA2CEA</key>
			<dict>
				<key>children</key>
				<array>
					<string>67DFA53419F92A5E003B3434</string>
					<string>901808BF2053636F004A7774</string>
					<string>BBE5EAB70F49AD8400F28951</string>
					<string>E41D400613B39D2100A75A5D</string>
					<string>E4A823A312561BE3002F86A2</string>
					<string>5326AEA710A23A0500278DE6</string>
					<string>E41D400713B39D2100A75A5D</string>
					<string>9969E7551C782C4500DEF0F6</string>
					<string>E41D400813B39D2100A75A5D</string>
					<string>1D30AB110D05D00D00671497</string>
					<string>E41D400913B39D2100A75A5D</string>
					<string>53F323EA10A20EDB00E0DAE4</string>
					<string>BB16EBD10F2B2A9500518274</string>
					<string>BB16EBD80F2B2AB500518274</string>
					<string>1DF5F4DF0D08C38300B7A737</string>
					<string>288765FC0DF74451002DB57D</string>
				</array>
				<key>isa</key>
				<string>PBXGroup</string>
				<key>name</key>
				<string>core frameworks</string>
				<key>sourceTree</key>
				<string>&lt;group&gt;</string>
			</dict>
			<key>32CA4F630368D1EE00C91783</key>
			<dict>
				<key>fileEncoding</key>
				<string>4</string>
				<key>isa</key>
				<string>PBXFileReference</string>
				<key>lastKnownFileType</key>
				<string>sourcecode.c.h</string>
				<key>path</key>
				<string>ofxiOS_Prefix.pch</string>
				<key>sourceTree</key>
				<string>&lt;group&gt;</string>
			</dict>
			<key>5326AEA710A23A0500278DE6</key>
			<dict>
				<key>isa</key>
				<string>PBXFileReference</string>
				<key>lastKnownFileType</key>
				<string>wrapper.framework</string>
				<key>name</key>
				<string>CoreLocation.framework</string>
				<key>path</key>
				<string>System/Library/Frameworks/CoreLocation.framework</string>
				<key>sourceTree</key>
				<string>SDKROOT</string>
			</dict>
			<key>5326AEA810A23A0500278DE6</key>
			<dict>
				<key>fileRef</key>
				<string>5326AEA710A23A0500278DE6</string>
				<key>isa</key>
				<string>PBXBuildFile</string>
			</dict>
			<key>53F323EA10A20EDB00E0DAE4</key>
			<dict>
				<key>isa</key>
				<string>PBXFileReference</string>
				<key>lastKnownFileType</key>
				<string>wrapper.framework</string>
				<key>name</key>
				<string>OpenAL.framework</string>
				<key>path</key>
				<string>System/Library/Frameworks/OpenAL.framework</string>
				<key>sourceTree</key>
				<string>SDKROOT</string>
			</dict>
			<key>53F323EB10A20EDB00E0DAE4</key>
			<dict>
				<key>fileRef</key>
				<string>53F323EA10A20EDB00E0DAE4</string>
				<key>isa</key>
				<string>PBXBuildFile</string>
			</dict>
			<key>67DFA53419F92A5E003B3434</key>
			<dict>
				<key>isa</key>
				<string>PBXFileReference</string>
				<key>lastKnownFileType</key>
				<string>wrapper.framework</string>
				<key>name</key>
				<string>Accelerate.framework</string>
				<key>path</key>
				<string>System/Library/Frameworks/Accelerate.framework</string>
				<key>sourceTree</key>
				<string>SDKROOT</string>
			</dict>
			<key>67DFA53619F92A69003B3434</key>
			<dict>
				<key>fileRef</key>
				<string>67DFA53419F92A5E003B3434</string>
				<key>isa</key>
				<string>PBXBuildFile</string>
			</dict>
			<key>6948EE371B920CB800B5AC1A</key>
			<dict>
				<key>children</key>
				<array />
				<key>isa</key>
				<string>PBXGroup</string>
				<key>name</key>
				<string>local_addons</string>
				<key>sourceTree</key>
				<string>&lt;group&gt;</string>
			</dict>
			<key>901808BF2053636F004A7774</key>
			<dict>
				<key>isa</key>
				<string>PBXFileReference</string>
				<key>lastKnownFileType</key>
				<string>wrapper.framework</string>
				<key>name</key>
				<string>GLKit.framework</string>
				<key>path</key>
				<string>System/Library/Frameworks/GLKit.framework</string>
				<key>sourceTree</key>
				<string>SDKROOT</string>
			</dict>
			<key>901808C02053638E004A7774</key>
			<dict>
				<key>children</key>
				<array />
				<key>isa</key>
				<string>PBXGroup</string>
				<key>name</key>
				<string>Frameworks</string>
				<key>sourceTree</key>
				<string>&lt;group&gt;</string>
			</dict>
			<key>901808C12053638E004A7774</key>
			<dict>
				<key>fileRef</key>
				<string>901808BF2053636F004A7774</string>
				<key>isa</key>
				<string>PBXBuildFile</string>
			</dict>
			<key>9255DD331112741900D6945E</key>
			<dict>
				<key>buildActionMask</key>
				<string>2147483647</string>
				<key>files</key>
				<array />
				<key>inputPaths</key>
				<array />
				<key>isa</key>
				<string>PBXShellScriptBuildPhase</string>
				<key>outputPaths</key>
				<array />
				<key>runOnlyForDeploymentPostprocessing</key>
				<string>0</string>
				<key>shellPath</key>
				<string>/bin/sh</string>
				<key>shellScript</key>
				<string>rsync -avz --exclude='.DS_Store' "${SRCROOT}/bin/data/" "${TARGET_BUILD_DIR}/${UNLOCALIZED_RESOURCES_FOLDER_PATH}"</string>
			</dict>
			<key>9936F60E1BFA4DEE00891288</key>
			<dict>
				<key>children</key>
				<array>
					<string>9936F6111BFA65F100891288</string>
					<string>9936F60F1BFA4DEE00891288</string>
				</array>
				<key>isa</key>
				<string>PBXGroup</string>
				<key>path</key>
				<string>mediaAssets</string>
				<key>sourceTree</key>
				<string>&lt;group&gt;</string>
			</dict>
			<key>9936F60F1BFA4DEE00891288</key>
			<dict>
				<key>isa</key>
				<string>PBXFileReference</string>
				<key>lastKnownFileType</key>
				<string>folder.assetcatalog</string>
				<key>path</key>
				<string>Images.xcassets</string>
				<key>sourceTree</key>
				<string>&lt;group&gt;</string>
			</dict>
			<key>9936F6101BFA4DEE00891288</key>
			<dict>
				<key>fileRef</key>
				<string>9936F60F1BFA4DEE00891288</string>
				<key>isa</key>
				<string>PBXBuildFile</string>
			</dict>
			<key>9936F6111BFA65F100891288</key>
			<dict>
				<key>fileEncoding</key>
				<string>4</string>
				<key>isa</key>
				<string>PBXFileReference</string>
				<key>lastKnownFileType</key>
				<string>file.storyboard</string>
				<key>path</key>
				<string>LaunchScreen.storyboard</string>
				<key>sourceTree</key>
				<string>&lt;group&gt;</string>
			</dict>
			<key>9936F6121BFA65F100891288</key>
			<dict>
				<key>fileRef</key>
				<string>9936F6111BFA65F100891288</string>
				<key>isa</key>
				<string>PBXBuildFile</string>
			</dict>
			<key>9969E7551C782C4500DEF0F6</key>
			<dict>
				<key>isa</key>
				<string>PBXFileReference</string>
				<key>lastKnownFileType</key>
				<string>wrapper.framework</string>
				<key>name</key>
				<string>CoreMotion.framework</string>
				<key>path</key>
				<string>System/Library/Frameworks/CoreMotion.framework</string>
				<key>sourceTree</key>
				<string>SDKROOT</string>
			</dict>
			<key>9969E7561C782C4500DEF0F6</key>
			<dict>
				<key>fileRef</key>
				<string>9969E7551C782C4500DEF0F6</string>
				<key>isa</key>
				<string>PBXBuildFile</string>
			</dict>
			<key>BB16E9930F2B1E5900518274</key>
			<dict>
				<key>children</key>
				<array>
					<string>BBE5E94E0F497BD800F28951</string>
				</array>
				<key>isa</key>
				<string>PBXGroup</string>
				<key>name</key>
				<string>libs</string>
				<key>sourceTree</key>
				<string>&lt;group&gt;</string>
			</dict>
			<key>BB16EBD10F2B2A9500518274</key>
			<dict>
				<key>isa</key>
				<string>PBXFileReference</string>
				<key>lastKnownFileType</key>
				<string>wrapper.framework</string>
				<key>name</key>
				<string>OpenGLES.framework</string>
				<key>path</key>
				<string>System/Library/Frameworks/OpenGLES.framework</string>
				<key>sourceTree</key>
				<string>SDKROOT</string>
			</dict>
			<key>BB16EBD20F2B2A9500518274</key>
			<dict>
				<key>fileRef</key>
				<string>BB16EBD10F2B2A9500518274</string>
				<key>isa</key>
				<string>PBXBuildFile</string>
			</dict>
			<key>BB16EBD80F2B2AB500518274</key>
			<dict>
				<key>isa</key>
				<string>PBXFileReference</string>
				<key>lastKnownFileType</key>
				<string>wrapper.framework</string>
				<key>name</key>
				<string>QuartzCore.framework</string>
				<key>path</key>
				<string>System/Library/Frameworks/QuartzCore.framework</string>
				<key>sourceTree</key>
				<string>SDKROOT</string>
			</dict>
			<key>BB16EBD90F2B2AB500518274</key>
			<dict>
				<key>fileRef</key>
				<string>BB16EBD80F2B2AB500518274</string>
				<key>isa</key>
				<string>PBXBuildFile</string>
			</dict>
			<key>BB16F26B0F2B646B00518274</key>
			<dict>
				<key>children</key>
				<array>
					<string>2152D16385B8F9DE337E943B</string>
					<string>480A780D8D0308AE4A368801</string>
				</array>
				<key>isa</key>
				<string>PBXGroup</string>
				<key>name</key>
				<string>addons</string>
				<key>sourceTree</key>
				<string>&lt;group&gt;</string>
			</dict>
			<key>BB24DDC910DA781C00E9C588</key>
			<dict>
				<key>fileEncoding</key>
				<string>4</string>
				<key>isa</key>
				<string>PBXFileReference</string>
				<key>lastKnownFileType</key>
				<string>text.plist.xml</string>
				<key>path</key>
				<string>ofxiOS-Info.plist</string>
				<key>sourceTree</key>
				<string>&lt;group&gt;</string>
			</dict>
			<key>BB24E1F710DAA51900E9C588</key>
			<dict>
				<key>children</key>
				<array>
					<string>E41D40FD13B3A0D800A75A5D</string>
					<string>32CA4F630368D1EE00C91783</string>
					<string>BB24DDC910DA781C00E9C588</string>
					<string>E41D3EE513B3906D00A75A5D</string>
					<string>6948EE371B920CB800B5AC1A</string>
					<string>E41D3ED613B38FB500A75A5D</string>
				</array>
				<key>isa</key>
				<string>PBXGroup</string>
				<key>name</key>
				<string>openFrameworks</string>
				<key>sourceTree</key>
				<string>&lt;group&gt;</string>
			</dict>
			<key>BBE5E94E0F497BD800F28951</key>
			<dict>
				<key>children</key>
				<array>
					<string>29B97323FDCFA39411CA2CEA</string>
				</array>
				<key>isa</key>
				<string>PBXGroup</string>
				<key>name</key>
				<string>core</string>
				<key>sourceTree</key>
				<string>&lt;group&gt;</string>
			</dict>
			<key>BBE5EAB70F49AD8400F28951</key>
			<dict>
				<key>isa</key>
				<string>PBXFileReference</string>
				<key>lastKnownFileType</key>
				<string>wrapper.framework</string>
				<key>name</key>
				<string>AudioToolbox.framework</string>
				<key>path</key>
				<string>System/Library/Frameworks/AudioToolbox.framework</string>
				<key>sourceTree</key>
				<string>SDKROOT</string>
			</dict>
			<key>BBE5EAB80F49AD8400F28951</key>
			<dict>
				<key>fileRef</key>
				<string>BBE5EAB70F49AD8400F28951</string>
				<key>isa</key>
				<string>PBXBuildFile</string>
			</dict>
			<key>C01FCF4E08A954540054247B</key>
			<dict>
				<key>buildConfigurations</key>
				<array>
					<string>C01FCF4F08A954540054247B</string>
					<string>C01FCF5008A954540054247B</string>
				</array>
				<key>defaultConfigurationIsVisible</key>
				<string>0</string>
				<key>defaultConfigurationName</key>
				<string>Release</string>
				<key>isa</key>
				<string>XCConfigurationList</string>
			</dict>
			<key>C01FCF4F08A954540054247B</key>
			<dict>
				<key>baseConfigurationReference</key>
				<string>E41D3ED613B38FB500A75A5D</string>
				<key>buildSettings</key>
				<dict>
					<key>HEADER_SEARCH_PATHS</key>
					<array>
						<string>$(OF_CORE_HEADERS)</string>
						<string>src</string>
						<string>src/delegates</string>
						<string>src/viewcontrollers</string>
						<string>../../../addons/ofxARKit/src</string>
						<string>../../../addons/ofxARKit/src/lib</string>
						<string>../../../addons/ofxGui/src</string>
					</array>
					<key>ALWAYS_SEARCH_USER_PATHS</key>
					<string>YES</string>
					<key>CLANG_CXX_LIBRARY</key>
					<string>libc++</string>
					<key>CODE_SIGN_IDENTITY</key>
					<string />
					<key>CODE_SIGN_IDENTITY[sdk=iphoneos*]</key>
					<string>iPhone Developer</string>
					<key>CODE_SIGN_IDENTITY[sdk=iphonesimulator*]</key>
					<string />
					<key>COMPRESS_PNG_FILES</key>
					<string>NO</string>
					<key>GCC_C_LANGUAGE_STANDARD</key>
					<string>c11</string>
					<key>GCC_OPTIMIZATION_LEVEL</key>
					<string>0</string>
					<key>GCC_SYMBOLS_PRIVATE_EXTERN</key>
					<string>NO</string>
					<key>GCC_WARN_64_TO_32_BIT_CONVERSION[arch=*64]</key>
					<string>NO</string>
					<key>GCC_WARN_ABOUT_INVALID_OFFSETOF_MACRO</key>
					<string>NO</string>
					<key>GCC_WARN_ABOUT_POINTER_SIGNEDNESS</key>
					<string>NO</string>
					<key>GCC_WARN_ABOUT_RETURN_TYPE</key>
					<string>YES</string>
					<key>GCC_WARN_ALLOW_INCOMPLETE_PROTOCOL</key>
					<string>NO</string>
					<key>GCC_WARN_PROTOTYPE_CONVERSION</key>
					<string>NO</string>
					<key>GCC_WARN_UNUSED_VARIABLE</key>
					<string>YES</string>
					<key>IPHONEOS_DEPLOYMENT_TARGET</key>
					<string>7.0</string>
					<key>ONLY_ACTIVE_ARCH</key>
					<string>YES</string>
					<key>PROVISIONING_PROFILE[sdk=iphoneos*]</key>
					<string />
					<key>SDKROOT</key>
					<string>iphoneos</string>
					<key>TARGETED_DEVICE_FAMILY</key>
					<string>1</string>
					<key>VALID_ARCHS</key>
					<string>$(ARCHS_STANDARD)</string>
					<key>WARNING_LDFLAGS</key>
					<string>-no_arch_warnings</string>
				</dict>
				<key>isa</key>
				<string>XCBuildConfiguration</string>
				<key>name</key>
				<string>Debug</string>
			</dict>
			<key>C01FCF5008A954540054247B</key>
			<dict>
				<key>baseConfigurationReference</key>
				<string>E41D3ED613B38FB500A75A5D</string>
				<key>buildSettings</key>
				<dict>
					<key>HEADER_SEARCH_PATHS</key>
					<array>
						<string>$(OF_CORE_HEADERS)</string>
						<string>src</string>
						<string>src/delegates</string>
						<string>src/viewcontrollers</string>
						<string>../../../addons/ofxARKit/src</string>
						<string>../../../addons/ofxARKit/src/lib</string>
						<string>../../../addons/ofxGui/src</string>
					</array>
					<key>ALWAYS_SEARCH_USER_PATHS</key>
					<string>YES</string>
					<key>CLANG_CXX_LIBRARY</key>
					<string>libc++</string>
					<key>CODE_SIGN_IDENTITY</key>
					<string />
					<key>CODE_SIGN_IDENTITY[sdk=iphoneos*]</key>
					<string>iPhone Developer</string>
					<key>CODE_SIGN_IDENTITY[sdk=iphonesimulator*]</key>
					<string />
					<key>COMPRESS_PNG_FILES</key>
					<string>NO</string>
					<key>GCC_C_LANGUAGE_STANDARD</key>
					<string>c11</string>
					<key>GCC_DYNAMIC_NO_PIC</key>
					<string>NO</string>
					<key>GCC_GENERATE_DEBUGGING_SYMBOLS</key>
					<string>NO</string>
					<key>GCC_OPTIMIZATION_LEVEL</key>
					<string>s</string>
					<key>GCC_SYMBOLS_PRIVATE_EXTERN</key>
					<string>NO</string>
					<key>GCC_THUMB_SUPPORT</key>
					<string>NO</string>
					<key>GCC_WARN_64_TO_32_BIT_CONVERSION[arch=*64]</key>
					<string>NO</string>
					<key>GCC_WARN_ABOUT_RETURN_TYPE</key>
					<string>YES</string>
					<key>GCC_WARN_UNUSED_VARIABLE</key>
					<string>YES</string>
					<key>IPHONEOS_DEPLOYMENT_TARGET</key>
					<string>7.0</string>
					<key>ONLY_ACTIVE_ARCH</key>
					<string>NO</string>
					<key>SDKROOT</key>
					<string>iphoneos</string>
					<key>TARGETED_DEVICE_FAMILY</key>
					<string>1</string>
					<key>VALID_ARCHS</key>
					<string>$(ARCHS_STANDARD)</string>
					<key>WARNING_LDFLAGS</key>
					<string>-no_arch_warnings</string>
				</dict>
				<key>isa</key>
				<string>XCBuildConfiguration</string>
				<key>name</key>
				<string>Release</string>
			</dict>
			<key>E41D3ED613B38FB500A75A5D</key>
			<dict>
				<key>fileEncoding</key>
				<string>4</string>
				<key>isa</key>
				<string>PBXFileReference</string>
				<key>lastKnownFileType</key>
				<string>text.xcconfig</string>
				<key>path</key>
				<string>Project.xcconfig</string>
				<key>sourceTree</key>
				<string>&lt;group&gt;</string>
			</dict>
			<key>E41D3EE513B3906D00A75A5D</key>
			<dict>
				<key>fileEncoding</key>
				<string>4</string>
				<key>isa</key>
				<string>PBXFileReference</string>
				<key>lastKnownFileType</key>
				<string>text.xcconfig</string>
				<key>name</key>
				<string>CoreOF.xcconfig</string>
				<key>path</key>
				<string>../../../libs/openFrameworksCompiled/project/ios/CoreOF.xcconfig</string>
				<key>sourceTree</key>
				<string>SOURCE_ROOT</string>
			</dict>
			<key>E41D400613B39D2100A75A5D</key>
			<dict>
				<key>isa</key>
				<string>PBXFileReference</string>
				<key>lastKnownFileType</key>
				<string>wrapper.framework</string>
				<key>name</key>
				<string>AVFoundation.framework</string>
				<key>path</key>
				<string>System/Library/Frameworks/AVFoundation.framework</string>
				<key>sourceTree</key>
				<string>SDKROOT</string>
			</dict>
			<key>E41D400713B39D2100A75A5D</key>
			<dict>
				<key>isa</key>
				<string>PBXFileReference</string>
				<key>lastKnownFileType</key>
				<string>wrapper.framework</string>
				<key>name</key>
				<string>CoreMedia.framework</string>
				<key>path</key>
				<string>System/Library/Frameworks/CoreMedia.framework</string>
				<key>sourceTree</key>
				<string>SDKROOT</string>
			</dict>
			<key>E41D400813B39D2100A75A5D</key>
			<dict>
				<key>isa</key>
				<string>PBXFileReference</string>
				<key>lastKnownFileType</key>
				<string>wrapper.framework</string>
				<key>name</key>
				<string>CoreVideo.framework</string>
				<key>path</key>
				<string>System/Library/Frameworks/CoreVideo.framework</string>
				<key>sourceTree</key>
				<string>SDKROOT</string>
			</dict>
			<key>E41D400913B39D2100A75A5D</key>
			<dict>
				<key>isa</key>
				<string>PBXFileReference</string>
				<key>lastKnownFileType</key>
				<string>wrapper.framework</string>
				<key>name</key>
				<string>MapKit.framework</string>
				<key>path</key>
				<string>System/Library/Frameworks/MapKit.framework</string>
				<key>sourceTree</key>
				<string>SDKROOT</string>
			</dict>
			<key>E41D400B13B39D2100A75A5D</key>
			<dict>
				<key>fileRef</key>
				<string>E41D400613B39D2100A75A5D</string>
				<key>isa</key>
				<string>PBXBuildFile</string>
			</dict>
			<key>E41D400C13B39D2100A75A5D</key>
			<dict>
				<key>fileRef</key>
				<string>E41D400713B39D2100A75A5D</string>
				<key>isa</key>
				<string>PBXBuildFile</string>
			</dict>
			<key>E41D400D13B39D2100A75A5D</key>
			<dict>
				<key>fileRef</key>
				<string>E41D400813B39D2100A75A5D</string>
				<key>isa</key>
				<string>PBXBuildFile</string>
			</dict>
			<key>E41D400E13B39D2100A75A5D</key>
			<dict>
				<key>fileRef</key>
				<string>E41D400913B39D2100A75A5D</string>
				<key>isa</key>
				<string>PBXBuildFile</string>
			</dict>
			<key>E41D40FD13B3A0D800A75A5D</key>
			<dict>
				<key>isa</key>
				<string>PBXFileReference</string>
				<key>lastKnownFileType</key>
				<string>wrapper.pb-project</string>
				<key>name</key>
				<string>iOS+OFLib.xcodeproj</string>
				<key>path</key>
				<string>../../../libs/openFrameworksCompiled/project/ios/iOS+OFLib.xcodeproj</string>
				<key>sourceTree</key>
				<string>SOURCE_ROOT</string>
			</dict>
			<key>E41D40FE13B3A0D800A75A5D</key>
			<dict>
				<key>children</key>
				<array>
					<string>E41D410213B3A0D800A75A5D</string>
				</array>
				<key>isa</key>
				<string>PBXGroup</string>
				<key>name</key>
				<string>Products</string>
				<key>sourceTree</key>
				<string>&lt;group&gt;</string>
			</dict>
			<key>E41D410113B3A0D800A75A5D</key>
			<dict>
				<key>containerPortal</key>
				<string>E41D40FD13B3A0D800A75A5D</string>
				<key>isa</key>
				<string>PBXContainerItemProxy</string>
				<key>proxyType</key>
				<string>2</string>
				<key>remoteGlobalIDString</key>
				<string>BB24DED610DA7A3F00E9C588</string>
				<key>remoteInfo</key>
				<string>iPhone+OF Static Library</string>
			</dict>
			<key>E41D410213B3A0D800A75A5D</key>
			<dict>
				<key>fileType</key>
				<string>archive.ar</string>
				<key>isa</key>
				<string>PBXReferenceProxy</string>
				<key>path</key>
				<string>libofxiOS_iphoneos_Debug.a</string>
				<key>remoteRef</key>
				<string>E41D410113B3A0D800A75A5D</string>
				<key>sourceTree</key>
				<string>BUILT_PRODUCTS_DIR</string>
			</dict>
			<key>E41D410313B3A11300A75A5D</key>
			<dict>
				<key>containerPortal</key>
				<string>E41D40FD13B3A0D800A75A5D</string>
				<key>isa</key>
				<string>PBXContainerItemProxy</string>
				<key>proxyType</key>
				<string>1</string>
				<key>remoteGlobalIDString</key>
				<string>BB24DE5C10DA7A3F00E9C588</string>
				<key>remoteInfo</key>
				<string>iPhone+OF Static Library</string>
			</dict>
			<key>E41D410413B3A11300A75A5D</key>
			<dict>
				<key>isa</key>
				<string>PBXTargetDependency</string>
				<key>name</key>
				<string>iPhone+OF Static Library</string>
				<key>targetProxy</key>
				<string>E41D410313B3A11300A75A5D</string>
			</dict>
			<key>E4A823A312561BE3002F86A2</key>
			<dict>
				<key>isa</key>
				<string>PBXFileReference</string>
				<key>lastKnownFileType</key>
				<string>wrapper.framework</string>
				<key>name</key>
				<string>CoreGraphics.framework</string>
				<key>path</key>
				<string>System/Library/Frameworks/CoreGraphics.framework</string>
				<key>sourceTree</key>
				<string>SDKROOT</string>
			</dict>
			<key>E4D8936A11527B74007E1F53</key>
			<dict>
				<key>children</key>
				<array>
					<string>E4D8936B11527B74007E1F53</string>
					<string>E4D8936D11527B74007E1F53</string>
					<string>E4D8936C11527B74007E1F53</string>
					<string>706BFA98F7D47B24246D113A</string>
					<string>D33A4FA4AC0104064E0F7CBA</string>
					<string>06BE3FD42B9E184DA8B2B49B</string>
				</array>
				<key>isa</key>
				<string>PBXGroup</string>
				<key>path</key>
				<string>src</string>
				<key>sourceTree</key>
				<string>SOURCE_ROOT</string>
			</dict>
			<key>E4D8936B11527B74007E1F53</key>
			<dict>
				<key>fileEncoding</key>
				<string>4</string>
				<key>isa</key>
				<string>PBXFileReference</string>
				<key>lastKnownFileType</key>
				<string>sourcecode.cpp.objcpp</string>
				<key>name</key>
				<string>main.mm</string>
				<key>path</key>
				<string>src/main.mm</string>
				<key>sourceTree</key>
				<string>SOURCE_ROOT</string>
			</dict>
			<key>E4D8936C11527B74007E1F53</key>
			<dict>
				<key>fileEncoding</key>
				<string>4</string>
				<key>isa</key>
				<string>PBXFileReference</string>
				<key>lastKnownFileType</key>
				<string>sourcecode.c.h</string>
				<key>name</key>
				<string>ofApp.h</string>
				<key>path</key>
				<string>src/ofApp.h</string>
				<key>sourceTree</key>
				<string>SOURCE_ROOT</string>
			</dict>
			<key>E4D8936D11527B74007E1F53</key>
			<dict>
				<key>fileEncoding</key>
				<string>4</string>
				<key>isa</key>
				<string>PBXFileReference</string>
				<key>lastKnownFileType</key>
				<string>sourcecode.cpp.objcpp</string>
				<key>name</key>
				<string>ofApp.mm</string>
				<key>path</key>
				<string>src/ofApp.mm</string>
				<key>sourceTree</key>
				<string>SOURCE_ROOT</string>
			</dict>
			<key>E4D8936E11527B74007E1F53</key>
			<dict>
				<key>fileRef</key>
				<string>E4D8936B11527B74007E1F53</string>
				<key>isa</key>
				<string>PBXBuildFile</string>
			</dict>
			<key>E4D8936F11527B74007E1F53</key>
			<dict>
				<key>fileRef</key>
				<string>E4D8936D11527B74007E1F53</string>
				<key>isa</key>
				<string>PBXBuildFile</string>
			</dict>
		</dict>
		<key>rootObject</key>
		<string>29B97313FDCFA39411CA2CEA</string>
	</dict>
</plist>
